Microsoft Visual Studio Solution File, Format Version 8.00
Project("{8BC9CEB8-8B4A-11D0-8D11-00A0C91BC942}") = "*Demo1*", "Demo1.vcproj", "{845B9206-6CD2-4BE7-A4FA-BFD5F8AE7275}"
	ProjectSection(ProjectDependencies) = postProject
		{4A3B50A5-0163-4A22-BC26-D82A6E9E1E02} = {4A3B50A5-0163-4A22-BC26-D82A6E9E1E02}
		{E514CBB3-B193-426C-A8CF-03C9CC328C6E} = {E514CBB3-B193-426C-A8CF-03C9CC328C6E}
		{6E55CE00-7529-4641-8954-1EAAC6CE04A1} = {6E55CE00-7529-4641-8954-1EAAC6CE04A1}
		{51C1C4CA-94AD-4A3E-8445-CC4BB9F8B41B} = {51C1C4CA-94AD-4A3E-8445-CC4BB9F8B41B}
		{E314A001-22A0-42E2-BA44-97C2532C2EFA} = {E314A001-22A0-42E2-BA44-97C2532C2EFA}
		{CFFD8B48-646D-4AFD-BCCA-53CC4D3E967F} = {CFFD8B48-646D-4AFD-BCCA-53CC4D3E967F}
		{7A0F3A5D-22F1-4A50-8B73-06B1C9A787D3} = {7A0F3A5D-22F1-4A50-8B73-06B1C9A787D3}
		{6F53BB27-8591-44EE-A895-CDB1B60B821A} = {6F53BB27-8591-44EE-A895-CDB1B60B821A}
		{761774FC-1740-42CB-89FD-62F9F7732352} = {761774FC-1740-42CB-89FD-62F9F7732352}
		{4B29F78C-0E33-465A-8A9D-7D448060DEE8} = {4B29F78C-0E33-465A-8A9D-7D448060DEE8}
		{DE2C5F64-683C-4F38-82ED-DD6C54E687D7} = {DE2C5F64-683C-4F38-82ED-DD6C54E687D7}
		{7E9D80FB-C2EF-4895-96C3-FC87EE7AC6C9} = {7E9D80FB-C2EF-4895-96C3-FC87EE7AC6C9}
		{FD376DC7-3067-4B54-8896-D12D3E666955} = {FD376DC7-3067-4B54-8896-D12D3E666955}
		{0185BA08-FD49-4790-A84A-420EE98477E9} = {0185BA08-FD49-4790-A84A-420EE98477E9}
		{1D5FE4B2-6AAB-42BF-BAD4-91E79CDFC6DA} = {1D5FE4B2-6AAB-42BF-BAD4-91E79CDFC6DA}
		{CEFF2D16-8137-4FAC-B802-45B1DE5C58B4} = {CEFF2D16-8137-4FAC-B802-45B1DE5C58B4}
		{01AFD675-1661-4D7E-9258-BE697C3C8CD7} = {01AFD675-1661-4D7E-9258-BE697C3C8CD7}
		{CC2144BA-CD9E-4FDC-9035-75C82A27D868} = {CC2144BA-CD9E-4FDC-9035-75C82A27D868}
		{77286611-C6C8-44D9-A7B0-46BC8F075F3C} = {77286611-C6C8-44D9-A7B0-46BC8F075F3C}
		{3DDE6BFC-C5F7-4612-BAEF-E3B6825FA282} = {3DDE6BFC-C5F7-4612-BAEF-E3B6825FA282}
		{924580DA-7E41-4FC5-91D4-8B5F6B353914} = {924580DA-7E41-4FC5-91D4-8B5F6B353914}
		{E1922637-9519-468E-B301-43CF98D63685} = {E1922637-9519-468E-B301-43CF98D63685}
		{7CE019E0-A9EE-4A97-BA6F-E839612288A3} = {7CE019E0-A9EE-4A97-BA6F-E839612288A3}
		{2E7BDF24-2D58-4F7B-9800-EBCCA0FC0613} = {2E7BDF24-2D58-4F7B-9800-EBCCA0FC0613}
		{5A84AB41-027F-46DE-9D1A-B34E35910409} = {5A84AB41-027F-46DE-9D1A-B34E35910409}
		{78AA9EA3-55AE-4D6A-A8DC-CA9F277DC415} = {78AA9EA3-55AE-4D6A-A8DC-CA9F277DC415}
		{6480D72C-6FEA-42AA-8C3C-84682248FD4E} = {6480D72C-6FEA-42AA-8C3C-84682248FD4E}
		{7E3F9EC9-E954-4691-9520-1C89EF987294} = {7E3F9EC9-E954-4691-9520-1C89EF987294}
	EndProjectSection
EndProject
Project("{8BC9CEB8-8B4A-11D0-8D11-00A0C91BC942}") = "BotEditor", "..\SUPPORT\BotEditor\BotEditor.vcproj", "{E314A001-22A0-42E2-BA44-97C2532C2EFA}"
	ProjectSection(ProjectDependencies) = postProject
	EndProjectSection
EndProject
Project("{8BC9CEB8-8B4A-11D0-8D11-00A0C91BC942}") = "BotObject", "..\Support\Objects\Bot\BotObject.vcproj", "{FD376DC7-3067-4B54-8896-D12D3E666955}"
	ProjectSection(ProjectDependencies) = postProject
	EndProjectSection
EndProject
Project("{8BC9CEB8-8B4A-11D0-8D11-00A0C91BC942}") = "BuildingObject", "..\Support\Building\BuildingObject.vcproj", "{01AFD675-1661-4D7E-9258-BE697C3C8CD7}"
	ProjectSection(ProjectDependencies) = postProject
	EndProjectSection
EndProject
Project("{8BC9CEB8-8B4A-11D0-8D11-00A0C91BC942}") = "CardMgr", "..\Support\CardMgr\cardmgr.vcproj", "{CFFD8B48-646D-4AFD-BCCA-53CC4D3E967F}"
	ProjectSection(ProjectDependencies) = postProject
	EndProjectSection
EndProject
Project("{8BC9CEB8-8B4A-11D0-8D11-00A0C91BC942}") = "CleanText", "..\Support\CleanText\CleanText.vcproj", "{E514CBB3-B193-426C-A8CF-03C9CC328C6E}"
	ProjectSection(ProjectDependencies) = postProject
	EndProjectSection
EndProject
Project("{8BC9CEB8-8B4A-11D0-8D11-00A0C91BC942}") = "Entropy", "..\xCore\Entropy\Entropy.vcproj", "{6480D72C-6FEA-42AA-8C3C-84682248FD4E}"
	ProjectSection(ProjectDependencies) = postProject
	EndProjectSection
EndProject
Project("{8BC9CEB8-8B4A-11D0-8D11-00A0C91BC942}") = "GameMgr", "..\Support\GameMgr\GameMgr.vcproj", "{4B29F78C-0E33-465A-8A9D-7D448060DEE8}"
	ProjectSection(ProjectDependencies) = postProject
	EndProjectSection
EndProject
Project("{8BC9CEB8-8B4A-11D0-8D11-00A0C91BC942}") = "HUD", "..\Support\HUD\HUD.vcproj", "{761774FC-1740-42CB-89FD-62F9F7732352}"
	ProjectSection(ProjectDependencies) = postProject
	EndProjectSection
EndProject
Project("{8BC9CEB8-8B4A-11D0-8D11-00A0C91BC942}") = "LabelSets", "..\Support\LabelSets\LabelSets.vcproj", "{CEFF2D16-8137-4FAC-B802-45B1DE5C58B4}"
	ProjectSection(ProjectDependencies) = postProject
	EndProjectSection
EndProject
Project("{8BC9CEB8-8B4A-11D0-8D11-00A0C91BC942}") = "MasterServer", "..\Support\MasterServer\MasterServer.vcproj", "{6E55CE00-7529-4641-8954-1EAAC6CE04A1}"
	ProjectSection(ProjectDependencies) = postProject
	EndProjectSection
EndProject
Project("{8BC9CEB8-8B4A-11D0-8D11-00A0C91BC942}") = "MoviePlayer", "..\Support\MoviePlayer\MoviePlayer.vcproj", "{7A0F3A5D-22F1-4A50-8B73-06B1C9A787D3}"
	ProjectSection(ProjectDependencies) = postProject
	EndProjectSection
EndProject
Project("{8BC9CEB8-8B4A-11D0-8D11-00A0C91BC942}") = "NetLib", "..\Support\NetLib\NetLib.vcproj", "{78AA9EA3-55AE-4D6A-A8DC-CA9F277DC415}"
	ProjectSection(ProjectDependencies) = postProject
	EndProjectSection
EndProject
Project("{8BC9CEB8-8B4A-11D0-8D11-00A0C91BC942}") = "ObjectMgr", "..\Support\ObjectMgr\ObjectMgr.vcproj", "{7CE019E0-A9EE-4A97-BA6F-E839612288A3}"
	ProjectSection(ProjectDependencies) = postProject
	EndProjectSection
EndProject
Project("{8BC9CEB8-8B4A-11D0-8D11-00A0C91BC942}") = "Particles", "..\Support\Particles\Particles.vcproj", "{0185BA08-FD49-4790-A84A-420EE98477E9}"
	ProjectSection(ProjectDependencies) = postProject
	EndProjectSection
EndProject
Project("{8BC9CEB8-8B4A-11D0-8D11-00A0C91BC942}") = "Pickups", "..\Support\Objects\Pickups\Pickups.vcproj", "{7E9D80FB-C2EF-4895-96C3-FC87EE7AC6C9}"
	ProjectSection(ProjectDependencies) = postProject
	EndProjectSection
EndProject
Project("{8BC9CEB8-8B4A-11D0-8D11-00A0C91BC942}") = "PlayerObject", "..\Support\Objects\Player\PlayerObject.vcproj", "{77286611-C6C8-44D9-A7B0-46BC8F075F3C}"
	ProjectSection(ProjectDependencies) = postProject
	EndProjectSection
EndProject
Project("{8BC9CEB8-8B4A-11D0-8D11-00A0C91BC942}") = "Poly", "..\Support\Poly\poly.vcproj", "{51C1C4CA-94AD-4A3E-8445-CC4BB9F8B41B}"
	ProjectSection(ProjectDependencies) = postProject
	EndProjectSection
EndProject
Project("{8BC9CEB8-8B4A-11D0-8D11-00A0C91BC942}") = "Projectiles", "..\Support\Objects\Projectiles\Projectiles.vcproj", "{1D5FE4B2-6AAB-42BF-BAD4-91E79CDFC6DA}"
	ProjectSection(ProjectDependencies) = postProject
	EndProjectSection
EndProject
Project("{8BC9CEB8-8B4A-11D0-8D11-00A0C91BC942}") = "Shape", "..\Support\Shape\Shape.vcproj", "{CC2144BA-CD9E-4FDC-9035-75C82A27D868}"
	ProjectSection(ProjectDependencies) = postProject
	EndProjectSection
EndProject
Project("{8BC9CEB8-8B4A-11D0-8D11-00A0C91BC942}") = "Sky", "..\Support\Sky\Sky.vcproj", "{924580DA-7E41-4FC5-91D4-8B5F6B353914}"
	ProjectSection(ProjectDependencies) = postProject
	EndProjectSection
EndProject
Project("{8BC9CEB8-8B4A-11D0-8D11-00A0C91BC942}") = "StringMgr", "..\Support\StringMgr\StringMgr.vcproj", "{4A3B50A5-0163-4A22-BC26-D82A6E9E1E02}"
	ProjectSection(ProjectDependencies) = postProject
	EndProjectSection
EndProject
Project("{8BC9CEB8-8B4A-11D0-8D11-00A0C91BC942}") = "Terrain", "..\Support\Objects\Terrain\Terrain.vcproj", "{E1922637-9519-468E-B301-43CF98D63685}"
	ProjectSection(ProjectDependencies) = postProject
	EndProjectSection
EndProject
Project("{8BC9CEB8-8B4A-11D0-8D11-00A0C91BC942}") = "Tokenizer", "..\Support\Tokenizer\Tokenizer.vcproj", "{5A84AB41-027F-46DE-9D1A-B34E35910409}"
	ProjectSection(ProjectDependencies) = postProject
	EndProjectSection
EndProject
Project("{8BC9CEB8-8B4A-11D0-8D11-00A0C91BC942}") = "UI", "..\Support\UI\UI.vcproj", "{6F53BB27-8591-44EE-A895-CDB1B60B821A}"
	ProjectSection(ProjectDependencies) = postProject
	EndProjectSection
EndProject
Project("{8BC9CEB8-8B4A-11D0-8D11-00A0C91BC942}") = "Vehicle", "..\Support\Objects\Vehicles\Vehicle.vcproj", "{DE2C5F64-683C-4F38-82ED-DD6C54E687D7}"
	ProjectSection(ProjectDependencies) = postProject
	EndProjectSection
EndProject
Project("{8BC9CEB8-8B4A-11D0-8D11-00A0C91BC942}") = "audiomgr", "..\Support\AudioMgr\audiomgr.vcproj", "{3DDE6BFC-C5F7-4612-BAEF-E3B6825FA282}"
	ProjectSection(ProjectDependencies) = postProject
	EndProjectSection
EndProject
Project("{8BC9CEB8-8B4A-11D0-8D11-00A0C91BC942}") = "aux_Bitmap", "..\xCore\Auxiliary\bitmap\aux_Bitmap.vcproj", "{7E3F9EC9-E954-4691-9520-1C89EF987294}"
	ProjectSection(ProjectDependencies) = postProject
	EndProjectSection
EndProject
Project("{8BC9CEB8-8B4A-11D0-8D11-00A0C91BC942}") = "x_files", "..\xCore\x_files\x_files.vcproj", "{2E7BDF24-2D58-4F7B-9800-EBCCA0FC0613}"
	ProjectSection(ProjectDependencies) = postProject
	EndProjectSection
EndProject
Global
	GlobalSection(SolutionConfiguration) = preSolution
		Debug = Debug
		PS2 Client Debug = PS2 Client Debug
		PS2 Client Release = PS2 Client Release
		PS2 DevKit Debug = PS2 DevKit Debug
		PS2 DevKit Release = PS2 DevKit Release
		PS2 DVD Debug = PS2 DVD Debug
		PS2 DVD Release = PS2 DVD Release
		Release = Release
	EndGlobalSection
	GlobalSection(ProjectConfiguration) = postSolution
		{845B9206-6CD2-4BE7-A4FA-BFD5F8AE7275}.Debug.ActiveCfg = Debug|Win32
		{845B9206-6CD2-4BE7-A4FA-BFD5F8AE7275}.Debug.Build.0 = Debug|Win32
		{845B9206-6CD2-4BE7-A4FA-BFD5F8AE7275}.PS2 Client Debug.ActiveCfg = PS2 Client Debug|Win32
		{845B9206-6CD2-4BE7-A4FA-BFD5F8AE7275}.PS2 Client Debug.Build.0 = PS2 Client Debug|Win32
		{845B9206-6CD2-4BE7-A4FA-BFD5F8AE7275}.PS2 Client Release.ActiveCfg = PS2 Client Release|Win32
		{845B9206-6CD2-4BE7-A4FA-BFD5F8AE7275}.PS2 Client Release.Build.0 = PS2 Client Release|Win32
		{845B9206-6CD2-4BE7-A4FA-BFD5F8AE7275}.PS2 DevKit Debug.ActiveCfg = PS2 DevKit Debug|Win32
		{845B9206-6CD2-4BE7-A4FA-BFD5F8AE7275}.PS2 DevKit Debug.Build.0 = PS2 DevKit Debug|Win32
		{845B9206-6CD2-4BE7-A4FA-BFD5F8AE7275}.PS2 DevKit Release.ActiveCfg = PS2 DevKit Release|Win32
		{845B9206-6CD2-4BE7-A4FA-BFD5F8AE7275}.PS2 DevKit Release.Build.0 = PS2 DevKit Release|Win32
		{845B9206-6CD2-4BE7-A4FA-BFD5F8AE7275}.PS2 DVD Debug.ActiveCfg = PS2 DVD Debug|Win32
		{845B9206-6CD2-4BE7-A4FA-BFD5F8AE7275}.PS2 DVD Debug.Build.0 = PS2 DVD Debug|Win32
		{845B9206-6CD2-4BE7-A4FA-BFD5F8AE7275}.PS2 DVD Release.ActiveCfg = PS2 DVD Release|Win32
		{845B9206-6CD2-4BE7-A4FA-BFD5F8AE7275}.PS2 DVD Release.Build.0 = PS2 DVD Release|Win32
		{845B9206-6CD2-4BE7-A4FA-BFD5F8AE7275}.Release.ActiveCfg = Release|Win32
		{845B9206-6CD2-4BE7-A4FA-BFD5F8AE7275}.Release.Build.0 = Release|Win32
		{E314A001-22A0-42E2-BA44-97C2532C2EFA}.Debug.ActiveCfg = Debug|Win32
		{E314A001-22A0-42E2-BA44-97C2532C2EFA}.Debug.Build.0 = Debug|Win32
		{E314A001-22A0-42E2-BA44-97C2532C2EFA}.PS2 Client Debug.ActiveCfg = Debug|Win32
		{E314A001-22A0-42E2-BA44-97C2532C2EFA}.PS2 Client Debug.Build.0 = Debug|Win32
		{E314A001-22A0-42E2-BA44-97C2532C2EFA}.PS2 Client Release.ActiveCfg = Release|Win32
		{E314A001-22A0-42E2-BA44-97C2532C2EFA}.PS2 Client Release.Build.0 = Release|Win32
		{E314A001-22A0-42E2-BA44-97C2532C2EFA}.PS2 DevKit Debug.ActiveCfg = Debug|Win32
		{E314A001-22A0-42E2-BA44-97C2532C2EFA}.PS2 DevKit Debug.Build.0 = Debug|Win32
		{E314A001-22A0-42E2-BA44-97C2532C2EFA}.PS2 DevKit Release.ActiveCfg = Release|Win32
		{E314A001-22A0-42E2-BA44-97C2532C2EFA}.PS2 DevKit Release.Build.0 = Release|Win32
		{E314A001-22A0-42E2-BA44-97C2532C2EFA}.PS2 DVD Debug.ActiveCfg = Debug|Win32
		{E314A001-22A0-42E2-BA44-97C2532C2EFA}.PS2 DVD Debug.Build.0 = Debug|Win32
		{E314A001-22A0-42E2-BA44-97C2532C2EFA}.PS2 DVD Release.ActiveCfg = Release|Win32
		{E314A001-22A0-42E2-BA44-97C2532C2EFA}.PS2 DVD Release.Build.0 = Release|Win32
		{E314A001-22A0-42E2-BA44-97C2532C2EFA}.Release.ActiveCfg = Release|Win32
		{E314A001-22A0-42E2-BA44-97C2532C2EFA}.Release.Build.0 = Release|Win32
		{FD376DC7-3067-4B54-8896-D12D3E666955}.Debug.ActiveCfg = Debug|Win32
		{FD376DC7-3067-4B54-8896-D12D3E666955}.Debug.Build.0 = Debug|Win32
		{FD376DC7-3067-4B54-8896-D12D3E666955}.PS2 Client Debug.ActiveCfg = PS2 Client Debug|Win32
		{FD376DC7-3067-4B54-8896-D12D3E666955}.PS2 Client Debug.Build.0 = PS2 Client Debug|Win32
		{FD376DC7-3067-4B54-8896-D12D3E666955}.PS2 Client Release.ActiveCfg = PS2 Client Release|Win32
		{FD376DC7-3067-4B54-8896-D12D3E666955}.PS2 Client Release.Build.0 = PS2 Client Release|Win32
		{FD376DC7-3067-4B54-8896-D12D3E666955}.PS2 DevKit Debug.ActiveCfg = PS2 DevKit Debug|Win32
		{FD376DC7-3067-4B54-8896-D12D3E666955}.PS2 DevKit Debug.Build.0 = PS2 DevKit Debug|Win32
		{FD376DC7-3067-4B54-8896-D12D3E666955}.PS2 DevKit Release.ActiveCfg = PS2 DevKit Release|Win32
		{FD376DC7-3067-4B54-8896-D12D3E666955}.PS2 DevKit Release.Build.0 = PS2 DevKit Release|Win32
		{FD376DC7-3067-4B54-8896-D12D3E666955}.PS2 DVD Debug.ActiveCfg = PS2 DVD Debug|Win32
		{FD376DC7-3067-4B54-8896-D12D3E666955}.PS2 DVD Debug.Build.0 = PS2 DVD Debug|Win32
		{FD376DC7-3067-4B54-8896-D12D3E666955}.PS2 DVD Release.ActiveCfg = PS2 DVD Release|Win32
		{FD376DC7-3067-4B54-8896-D12D3E666955}.PS2 DVD Release.Build.0 = PS2 DVD Release|Win32
		{FD376DC7-3067-4B54-8896-D12D3E666955}.Release.ActiveCfg = Release|Win32
		{FD376DC7-3067-4B54-8896-D12D3E666955}.Release.Build.0 = Release|Win32
		{01AFD675-1661-4D7E-9258-BE697C3C8CD7}.Debug.ActiveCfg = Debug|Win32
		{01AFD675-1661-4D7E-9258-BE697C3C8CD7}.Debug.Build.0 = Debug|Win32
		{01AFD675-1661-4D7E-9258-BE697C3C8CD7}.PS2 Client Debug.ActiveCfg = PS2 Client Debug|Win32
		{01AFD675-1661-4D7E-9258-BE697C3C8CD7}.PS2 Client Debug.Build.0 = PS2 Client Debug|Win32
		{01AFD675-1661-4D7E-9258-BE697C3C8CD7}.PS2 Client Release.ActiveCfg = PS2 Client Release|Win32
		{01AFD675-1661-4D7E-9258-BE697C3C8CD7}.PS2 Client Release.Build.0 = PS2 Client Release|Win32
		{01AFD675-1661-4D7E-9258-BE697C3C8CD7}.PS2 DevKit Debug.ActiveCfg = PS2 DevKit Debug|Win32
		{01AFD675-1661-4D7E-9258-BE697C3C8CD7}.PS2 DevKit Debug.Build.0 = PS2 DevKit Debug|Win32
		{01AFD675-1661-4D7E-9258-BE697C3C8CD7}.PS2 DevKit Release.ActiveCfg = PS2 DevKit Release|Win32
		{01AFD675-1661-4D7E-9258-BE697C3C8CD7}.PS2 DevKit Release.Build.0 = PS2 DevKit Release|Win32
		{01AFD675-1661-4D7E-9258-BE697C3C8CD7}.PS2 DVD Debug.ActiveCfg = PS2 DVD Debug|Win32
		{01AFD675-1661-4D7E-9258-BE697C3C8CD7}.PS2 DVD Debug.Build.0 = PS2 DVD Debug|Win32
		{01AFD675-1661-4D7E-9258-BE697C3C8CD7}.PS2 DVD Release.ActiveCfg = PS2 DVD Release|Win32
		{01AFD675-1661-4D7E-9258-BE697C3C8CD7}.PS2 DVD Release.Build.0 = PS2 DVD Release|Win32
		{01AFD675-1661-4D7E-9258-BE697C3C8CD7}.Release.ActiveCfg = Release|Win32
		{01AFD675-1661-4D7E-9258-BE697C3C8CD7}.Release.Build.0 = Release|Win32
		{CFFD8B48-646D-4AFD-BCCA-53CC4D3E967F}.Debug.ActiveCfg = Debug|Win32
		{CFFD8B48-646D-4AFD-BCCA-53CC4D3E967F}.Debug.Build.0 = Debug|Win32
		{CFFD8B48-646D-4AFD-BCCA-53CC4D3E967F}.PS2 Client Debug.ActiveCfg = PS2 Client Debug|Win32
		{CFFD8B48-646D-4AFD-BCCA-53CC4D3E967F}.PS2 Client Debug.Build.0 = PS2 Client Debug|Win32
		{CFFD8B48-646D-4AFD-BCCA-53CC4D3E967F}.PS2 Client Release.ActiveCfg = PS2 Client Release|Win32
		{CFFD8B48-646D-4AFD-BCCA-53CC4D3E967F}.PS2 Client Release.Build.0 = PS2 Client Release|Win32
		{CFFD8B48-646D-4AFD-BCCA-53CC4D3E967F}.PS2 DevKit Debug.ActiveCfg = PS2 DevKit Debug|Win32
		{CFFD8B48-646D-4AFD-BCCA-53CC4D3E967F}.PS2 DevKit Debug.Build.0 = PS2 DevKit Debug|Win32
		{CFFD8B48-646D-4AFD-BCCA-53CC4D3E967F}.PS2 DevKit Release.ActiveCfg = PS2 DevKit Release|Win32
		{CFFD8B48-646D-4AFD-BCCA-53CC4D3E967F}.PS2 DevKit Release.Build.0 = PS2 DevKit Release|Win32
		{CFFD8B48-646D-4AFD-BCCA-53CC4D3E967F}.PS2 DVD Debug.ActiveCfg = PS2 DVD Debug|Win32
		{CFFD8B48-646D-4AFD-BCCA-53CC4D3E967F}.PS2 DVD Debug.Build.0 = PS2 DVD Debug|Win32
		{CFFD8B48-646D-4AFD-BCCA-53CC4D3E967F}.PS2 DVD Release.ActiveCfg = PS2 DVD Release|Win32
		{CFFD8B48-646D-4AFD-BCCA-53CC4D3E967F}.PS2 DVD Release.Build.0 = PS2 DVD Release|Win32
		{CFFD8B48-646D-4AFD-BCCA-53CC4D3E967F}.Release.ActiveCfg = Release|Win32
		{CFFD8B48-646D-4AFD-BCCA-53CC4D3E967F}.Release.Build.0 = Release|Win32
		{E514CBB3-B193-426C-A8CF-03C9CC328C6E}.Debug.ActiveCfg = Debug|Win32
		{E514CBB3-B193-426C-A8CF-03C9CC328C6E}.Debug.Build.0 = Debug|Win32
		{E514CBB3-B193-426C-A8CF-03C9CC328C6E}.PS2 Client Debug.ActiveCfg = PS2 Client Debug|Win32
		{E514CBB3-B193-426C-A8CF-03C9CC328C6E}.PS2 Client Debug.Build.0 = PS2 Client Debug|Win32
		{E514CBB3-B193-426C-A8CF-03C9CC328C6E}.PS2 Client Release.ActiveCfg = PS2 Client Release|Win32
		{E514CBB3-B193-426C-A8CF-03C9CC328C6E}.PS2 Client Release.Build.0 = PS2 Client Release|Win32
		{E514CBB3-B193-426C-A8CF-03C9CC328C6E}.PS2 DevKit Debug.ActiveCfg = PS2 DevKit Debug|Win32
		{E514CBB3-B193-426C-A8CF-03C9CC328C6E}.PS2 DevKit Debug.Build.0 = PS2 DevKit Debug|Win32
		{E514CBB3-B193-426C-A8CF-03C9CC328C6E}.PS2 DevKit Release.ActiveCfg = PS2 DevKit Release|Win32
		{E514CBB3-B193-426C-A8CF-03C9CC328C6E}.PS2 DevKit Release.Build.0 = PS2 DevKit Release|Win32
		{E514CBB3-B193-426C-A8CF-03C9CC328C6E}.PS2 DVD Debug.ActiveCfg = PS2 DVD Debug|Win32
		{E514CBB3-B193-426C-A8CF-03C9CC328C6E}.PS2 DVD Debug.Build.0 = PS2 DVD Debug|Win32
		{E514CBB3-B193-426C-A8CF-03C9CC328C6E}.PS2 DVD Release.ActiveCfg = PS2 DVD Release|Win32
		{E514CBB3-B193-426C-A8CF-03C9CC328C6E}.PS2 DVD Release.Build.0 = PS2 DVD Release|Win32
		{E514CBB3-B193-426C-A8CF-03C9CC328C6E}.Release.ActiveCfg = Release|Win32
		{E514CBB3-B193-426C-A8CF-03C9CC328C6E}.Release.Build.0 = Release|Win32
		{6480D72C-6FEA-42AA-8C3C-84682248FD4E}.Debug.ActiveCfg = Debug|Win32
		{6480D72C-6FEA-42AA-8C3C-84682248FD4E}.Debug.Build.0 = Debug|Win32
		{6480D72C-6FEA-42AA-8C3C-84682248FD4E}.PS2 Client Debug.ActiveCfg = PS2 Client Debug|Win32
		{6480D72C-6FEA-42AA-8C3C-84682248FD4E}.PS2 Client Debug.Build.0 = PS2 Client Debug|Win32
		{6480D72C-6FEA-42AA-8C3C-84682248FD4E}.PS2 Client Release.ActiveCfg = PS2 Client Release|Win32
		{6480D72C-6FEA-42AA-8C3C-84682248FD4E}.PS2 Client Release.Build.0 = PS2 Client Release|Win32
		{6480D72C-6FEA-42AA-8C3C-84682248FD4E}.PS2 DevKit Debug.ActiveCfg = PS2 DevKit Debug|Win32
		{6480D72C-6FEA-42AA-8C3C-84682248FD4E}.PS2 DevKit Debug.Build.0 = PS2 DevKit Debug|Win32
		{6480D72C-6FEA-42AA-8C3C-84682248FD4E}.PS2 DevKit Release.ActiveCfg = PS2 DevKit Release|Win32
		{6480D72C-6FEA-42AA-8C3C-84682248FD4E}.PS2 DevKit Release.Build.0 = PS2 DevKit Release|Win32
		{6480D72C-6FEA-42AA-8C3C-84682248FD4E}.PS2 DVD Debug.ActiveCfg = PS2 DVD Debug|Win32
		{6480D72C-6FEA-42AA-8C3C-84682248FD4E}.PS2 DVD Debug.Build.0 = PS2 DVD Debug|Win32
		{6480D72C-6FEA-42AA-8C3C-84682248FD4E}.PS2 DVD Release.ActiveCfg = PS2 DVD Release|Win32
		{6480D72C-6FEA-42AA-8C3C-84682248FD4E}.PS2 DVD Release.Build.0 = PS2 DVD Release|Win32
		{6480D72C-6FEA-42AA-8C3C-84682248FD4E}.Release.ActiveCfg = Release|Win32
		{6480D72C-6FEA-42AA-8C3C-84682248FD4E}.Release.Build.0 = Release|Win32
		{4B29F78C-0E33-465A-8A9D-7D448060DEE8}.Debug.ActiveCfg = Debug|Win32
		{4B29F78C-0E33-465A-8A9D-7D448060DEE8}.Debug.Build.0 = Debug|Win32
		{4B29F78C-0E33-465A-8A9D-7D448060DEE8}.PS2 Client Debug.ActiveCfg = PS2 Client Debug|Win32
		{4B29F78C-0E33-465A-8A9D-7D448060DEE8}.PS2 Client Debug.Build.0 = PS2 Client Debug|Win32
		{4B29F78C-0E33-465A-8A9D-7D448060DEE8}.PS2 Client Release.ActiveCfg = PS2 Client Release|Win32
		{4B29F78C-0E33-465A-8A9D-7D448060DEE8}.PS2 Client Release.Build.0 = PS2 Client Release|Win32
		{4B29F78C-0E33-465A-8A9D-7D448060DEE8}.PS2 DevKit Debug.ActiveCfg = PS2 DevKit Debug|Win32
		{4B29F78C-0E33-465A-8A9D-7D448060DEE8}.PS2 DevKit Debug.Build.0 = PS2 DevKit Debug|Win32
		{4B29F78C-0E33-465A-8A9D-7D448060DEE8}.PS2 DevKit Release.ActiveCfg = PS2 DevKit Release|Win32
		{4B29F78C-0E33-465A-8A9D-7D448060DEE8}.PS2 DevKit Release.Build.0 = PS2 DevKit Release|Win32
		{4B29F78C-0E33-465A-8A9D-7D448060DEE8}.PS2 DVD Debug.ActiveCfg = PS2 DVD Debug|Win32
		{4B29F78C-0E33-465A-8A9D-7D448060DEE8}.PS2 DVD Debug.Build.0 = PS2 DVD Debug|Win32
		{4B29F78C-0E33-465A-8A9D-7D448060DEE8}.PS2 DVD Release.ActiveCfg = PS2 DVD Release|Win32
		{4B29F78C-0E33-465A-8A9D-7D448060DEE8}.PS2 DVD Release.Build.0 = PS2 DVD Release|Win32
		{4B29F78C-0E33-465A-8A9D-7D448060DEE8}.Release.ActiveCfg = Release|Win32
		{4B29F78C-0E33-465A-8A9D-7D448060DEE8}.Release.Build.0 = Release|Win32
		{761774FC-1740-42CB-89FD-62F9F7732352}.Debug.ActiveCfg = Debug|Win32
		{761774FC-1740-42CB-89FD-62F9F7732352}.Debug.Build.0 = Debug|Win32
		{761774FC-1740-42CB-89FD-62F9F7732352}.PS2 Client Debug.ActiveCfg = PS2 Client Debug|Win32
		{761774FC-1740-42CB-89FD-62F9F7732352}.PS2 Client Debug.Build.0 = PS2 Client Debug|Win32
		{761774FC-1740-42CB-89FD-62F9F7732352}.PS2 Client Release.ActiveCfg = PS2 Client Release|Win32
		{761774FC-1740-42CB-89FD-62F9F7732352}.PS2 Client Release.Build.0 = PS2 Client Release|Win32
		{761774FC-1740-42CB-89FD-62F9F7732352}.PS2 DevKit Debug.ActiveCfg = PS2 DevKit Debug|Win32
		{761774FC-1740-42CB-89FD-62F9F7732352}.PS2 DevKit Debug.Build.0 = PS2 DevKit Debug|Win32
		{761774FC-1740-42CB-89FD-62F9F7732352}.PS2 DevKit Release.ActiveCfg = PS2 DevKit Release|Win32
		{761774FC-1740-42CB-89FD-62F9F7732352}.PS2 DevKit Release.Build.0 = PS2 DevKit Release|Win32
		{761774FC-1740-42CB-89FD-62F9F7732352}.PS2 DVD Debug.ActiveCfg = PS2 DVD Debug|Win32
		{761774FC-1740-42CB-89FD-62F9F7732352}.PS2 DVD Debug.Build.0 = PS2 DVD Debug|Win32
		{761774FC-1740-42CB-89FD-62F9F7732352}.PS2 DVD Release.ActiveCfg = PS2 DVD Release|Win32
		{761774FC-1740-42CB-89FD-62F9F7732352}.PS2 DVD Release.Build.0 = PS2 DVD Release|Win32
		{761774FC-1740-42CB-89FD-62F9F7732352}.Release.ActiveCfg = Release|Win32
		{761774FC-1740-42CB-89FD-62F9F7732352}.Release.Build.0 = Release|Win32
		{CEFF2D16-8137-4FAC-B802-45B1DE5C58B4}.Debug.ActiveCfg = Debug|Win32
		{CEFF2D16-8137-4FAC-B802-45B1DE5C58B4}.Debug.Build.0 = Debug|Win32
		{CEFF2D16-8137-4FAC-B802-45B1DE5C58B4}.PS2 Client Debug.ActiveCfg = PS2 Client Debug|Win32
		{CEFF2D16-8137-4FAC-B802-45B1DE5C58B4}.PS2 Client Debug.Build.0 = PS2 Client Debug|Win32
		{CEFF2D16-8137-4FAC-B802-45B1DE5C58B4}.PS2 Client Release.ActiveCfg = PS2 Client Release|Win32
		{CEFF2D16-8137-4FAC-B802-45B1DE5C58B4}.PS2 Client Release.Build.0 = PS2 Client Release|Win32
		{CEFF2D16-8137-4FAC-B802-45B1DE5C58B4}.PS2 DevKit Debug.ActiveCfg = PS2 DevKit Debug|Win32
		{CEFF2D16-8137-4FAC-B802-45B1DE5C58B4}.PS2 DevKit Debug.Build.0 = PS2 DevKit Debug|Win32
		{CEFF2D16-8137-4FAC-B802-45B1DE5C58B4}.PS2 DevKit Release.ActiveCfg = PS2 DevKit Release|Win32
		{CEFF2D16-8137-4FAC-B802-45B1DE5C58B4}.PS2 DevKit Release.Build.0 = PS2 DevKit Release|Win32
		{CEFF2D16-8137-4FAC-B802-45B1DE5C58B4}.PS2 DVD Debug.ActiveCfg = PS2 DVD Debug|Win32
		{CEFF2D16-8137-4FAC-B802-45B1DE5C58B4}.PS2 DVD Debug.Build.0 = PS2 DVD Debug|Win32
		{CEFF2D16-8137-4FAC-B802-45B1DE5C58B4}.PS2 DVD Release.ActiveCfg = PS2 DVD Release|Win32
		{CEFF2D16-8137-4FAC-B802-45B1DE5C58B4}.PS2 DVD Release.Build.0 = PS2 DVD Release|Win32
		{CEFF2D16-8137-4FAC-B802-45B1DE5C58B4}.Release.ActiveCfg = Release|Win32
		{CEFF2D16-8137-4FAC-B802-45B1DE5C58B4}.Release.Build.0 = Release|Win32
		{6E55CE00-7529-4641-8954-1EAAC6CE04A1}.Debug.ActiveCfg = Debug|Win32
		{6E55CE00-7529-4641-8954-1EAAC6CE04A1}.Debug.Build.0 = Debug|Win32
		{6E55CE00-7529-4641-8954-1EAAC6CE04A1}.PS2 Client Debug.ActiveCfg = PS2 Client Debug|Win32
		{6E55CE00-7529-4641-8954-1EAAC6CE04A1}.PS2 Client Debug.Build.0 = PS2 Client Debug|Win32
		{6E55CE00-7529-4641-8954-1EAAC6CE04A1}.PS2 Client Release.ActiveCfg = PS2 Client Release|Win32
		{6E55CE00-7529-4641-8954-1EAAC6CE04A1}.PS2 Client Release.Build.0 = PS2 Client Release|Win32
		{6E55CE00-7529-4641-8954-1EAAC6CE04A1}.PS2 DevKit Debug.ActiveCfg = PS2 DevKit Debug|Win32
		{6E55CE00-7529-4641-8954-1EAAC6CE04A1}.PS2 DevKit Debug.Build.0 = PS2 DevKit Debug|Win32
		{6E55CE00-7529-4641-8954-1EAAC6CE04A1}.PS2 DevKit Release.ActiveCfg = PS2 DevKit Release|Win32
		{6E55CE00-7529-4641-8954-1EAAC6CE04A1}.PS2 DevKit Release.Build.0 = PS2 DevKit Release|Win32
		{6E55CE00-7529-4641-8954-1EAAC6CE04A1}.PS2 DVD Debug.ActiveCfg = PS2 DVD Debug|Win32
		{6E55CE00-7529-4641-8954-1EAAC6CE04A1}.PS2 DVD Debug.Build.0 = PS2 DVD Debug|Win32
		{6E55CE00-7529-4641-8954-1EAAC6CE04A1}.PS2 DVD Release.ActiveCfg = PS2 DVD Release|Win32
		{6E55CE00-7529-4641-8954-1EAAC6CE04A1}.PS2 DVD Release.Build.0 = PS2 DVD Release|Win32
		{6E55CE00-7529-4641-8954-1EAAC6CE04A1}.Release.ActiveCfg = Release|Win32
		{6E55CE00-7529-4641-8954-1EAAC6CE04A1}.Release.Build.0 = Release|Win32
		{7A0F3A5D-22F1-4A50-8B73-06B1C9A787D3}.Debug.ActiveCfg = Debug|Win32
		{7A0F3A5D-22F1-4A50-8B73-06B1C9A787D3}.Debug.Build.0 = Debug|Win32
		{7A0F3A5D-22F1-4A50-8B73-06B1C9A787D3}.PS2 Client Debug.ActiveCfg = PS2 Client Debug|Win32
		{7A0F3A5D-22F1-4A50-8B73-06B1C9A787D3}.PS2 Client Debug.Build.0 = PS2 Client Debug|Win32
		{7A0F3A5D-22F1-4A50-8B73-06B1C9A787D3}.PS2 Client Release.ActiveCfg = PS2 Client Release|Win32
		{7A0F3A5D-22F1-4A50-8B73-06B1C9A787D3}.PS2 Client Release.Build.0 = PS2 Client Release|Win32
		{7A0F3A5D-22F1-4A50-8B73-06B1C9A787D3}.PS2 DevKit Debug.ActiveCfg = PS2 DevKit Debug|Win32
		{7A0F3A5D-22F1-4A50-8B73-06B1C9A787D3}.PS2 DevKit Debug.Build.0 = PS2 DevKit Debug|Win32
		{7A0F3A5D-22F1-4A50-8B73-06B1C9A787D3}.PS2 DevKit Release.ActiveCfg = PS2 DevKit Release|Win32
		{7A0F3A5D-22F1-4A50-8B73-06B1C9A787D3}.PS2 DevKit Release.Build.0 = PS2 DevKit Release|Win32
		{7A0F3A5D-22F1-4A50-8B73-06B1C9A787D3}.PS2 DVD Debug.ActiveCfg = PS2 DVD Debug|Win32
		{7A0F3A5D-22F1-4A50-8B73-06B1C9A787D3}.PS2 DVD Debug.Build.0 = PS2 DVD Debug|Win32
		{7A0F3A5D-22F1-4A50-8B73-06B1C9A787D3}.PS2 DVD Release.ActiveCfg = PS2 DVD Release|Win32
		{7A0F3A5D-22F1-4A50-8B73-06B1C9A787D3}.PS2 DVD Release.Build.0 = PS2 DVD Release|Win32
		{7A0F3A5D-22F1-4A50-8B73-06B1C9A787D3}.Release.ActiveCfg = Release|Win32
		{7A0F3A5D-22F1-4A50-8B73-06B1C9A787D3}.Release.Build.0 = Release|Win32
		{78AA9EA3-55AE-4D6A-A8DC-CA9F277DC415}.Debug.ActiveCfg = Debug|Win32
		{78AA9EA3-55AE-4D6A-A8DC-CA9F277DC415}.Debug.Build.0 = Debug|Win32
		{78AA9EA3-55AE-4D6A-A8DC-CA9F277DC415}.PS2 Client Debug.ActiveCfg = PS2 Client Debug|Win32
		{78AA9EA3-55AE-4D6A-A8DC-CA9F277DC415}.PS2 Client Debug.Build.0 = PS2 Client Debug|Win32
		{78AA9EA3-55AE-4D6A-A8DC-CA9F277DC415}.PS2 Client Release.ActiveCfg = PS2 Client Release|Win32
		{78AA9EA3-55AE-4D6A-A8DC-CA9F277DC415}.PS2 Client Release.Build.0 = PS2 Client Release|Win32
		{78AA9EA3-55AE-4D6A-A8DC-CA9F277DC415}.PS2 DevKit Debug.ActiveCfg = PS2 DevKit Debug|Win32
		{78AA9EA3-55AE-4D6A-A8DC-CA9F277DC415}.PS2 DevKit Debug.Build.0 = PS2 DevKit Debug|Win32
		{78AA9EA3-55AE-4D6A-A8DC-CA9F277DC415}.PS2 DevKit Release.ActiveCfg = PS2 DevKit Release|Win32
		{78AA9EA3-55AE-4D6A-A8DC-CA9F277DC415}.PS2 DevKit Release.Build.0 = PS2 DevKit Release|Win32
		{78AA9EA3-55AE-4D6A-A8DC-CA9F277DC415}.PS2 DVD Debug.ActiveCfg = PS2 DVD Debug|Win32
		{78AA9EA3-55AE-4D6A-A8DC-CA9F277DC415}.PS2 DVD Debug.Build.0 = PS2 DVD Debug|Win32
		{78AA9EA3-55AE-4D6A-A8DC-CA9F277DC415}.PS2 DVD Release.ActiveCfg = PS2 DVD Release|Win32
		{78AA9EA3-55AE-4D6A-A8DC-CA9F277DC415}.PS2 DVD Release.Build.0 = PS2 DVD Release|Win32
		{78AA9EA3-55AE-4D6A-A8DC-CA9F277DC415}.Release.ActiveCfg = Release|Win32
		{78AA9EA3-55AE-4D6A-A8DC-CA9F277DC415}.Release.Build.0 = Release|Win32
		{7CE019E0-A9EE-4A97-BA6F-E839612288A3}.Debug.ActiveCfg = Debug|Win32
		{7CE019E0-A9EE-4A97-BA6F-E839612288A3}.Debug.Build.0 = Debug|Win32
		{7CE019E0-A9EE-4A97-BA6F-E839612288A3}.PS2 Client Debug.ActiveCfg = PS2 Client Debug|Win32
		{7CE019E0-A9EE-4A97-BA6F-E839612288A3}.PS2 Client Debug.Build.0 = PS2 Client Debug|Win32
		{7CE019E0-A9EE-4A97-BA6F-E839612288A3}.PS2 Client Release.ActiveCfg = PS2 Client Release|Win32
		{7CE019E0-A9EE-4A97-BA6F-E839612288A3}.PS2 Client Release.Build.0 = PS2 Client Release|Win32
		{7CE019E0-A9EE-4A97-BA6F-E839612288A3}.PS2 DevKit Debug.ActiveCfg = PS2 DevKit Debug|Win32
		{7CE019E0-A9EE-4A97-BA6F-E839612288A3}.PS2 DevKit Debug.Build.0 = PS2 DevKit Debug|Win32
		{7CE019E0-A9EE-4A97-BA6F-E839612288A3}.PS2 DevKit Release.ActiveCfg = PS2 DevKit Release|Win32
		{7CE019E0-A9EE-4A97-BA6F-E839612288A3}.PS2 DevKit Release.Build.0 = PS2 DevKit Release|Win32
		{7CE019E0-A9EE-4A97-BA6F-E839612288A3}.PS2 DVD Debug.ActiveCfg = PS2 DVD Debug|Win32
		{7CE019E0-A9EE-4A97-BA6F-E839612288A3}.PS2 DVD Debug.Build.0 = PS2 DVD Debug|Win32
		{7CE019E0-A9EE-4A97-BA6F-E839612288A3}.PS2 DVD Release.ActiveCfg = PS2 DVD Release|Win32
		{7CE019E0-A9EE-4A97-BA6F-E839612288A3}.PS2 DVD Release.Build.0 = PS2 DVD Release|Win32
		{7CE019E0-A9EE-4A97-BA6F-E839612288A3}.Release.ActiveCfg = Release|Win32
		{7CE019E0-A9EE-4A97-BA6F-E839612288A3}.Release.Build.0 = Release|Win32
		{0185BA08-FD49-4790-A84A-420EE98477E9}.Debug.ActiveCfg = Debug|Win32
		{0185BA08-FD49-4790-A84A-420EE98477E9}.Debug.Build.0 = Debug|Win32
		{0185BA08-FD49-4790-A84A-420EE98477E9}.PS2 Client Debug.ActiveCfg = PS2 Client Debug|Win32
		{0185BA08-FD49-4790-A84A-420EE98477E9}.PS2 Client Debug.Build.0 = PS2 Client Debug|Win32
		{0185BA08-FD49-4790-A84A-420EE98477E9}.PS2 Client Release.ActiveCfg = PS2 Client Release|Win32
		{0185BA08-FD49-4790-A84A-420EE98477E9}.PS2 Client Release.Build.0 = PS2 Client Release|Win32
		{0185BA08-FD49-4790-A84A-420EE98477E9}.PS2 DevKit Debug.ActiveCfg = PS2 DevKit Debug|Win32
		{0185BA08-FD49-4790-A84A-420EE98477E9}.PS2 DevKit Debug.Build.0 = PS2 DevKit Debug|Win32
		{0185BA08-FD49-4790-A84A-420EE98477E9}.PS2 DevKit Release.ActiveCfg = PS2 DevKit Release|Win32
		{0185BA08-FD49-4790-A84A-420EE98477E9}.PS2 DevKit Release.Build.0 = PS2 DevKit Release|Win32
		{0185BA08-FD49-4790-A84A-420EE98477E9}.PS2 DVD Debug.ActiveCfg = PS2 DVD Debug|Win32
		{0185BA08-FD49-4790-A84A-420EE98477E9}.PS2 DVD Debug.Build.0 = PS2 DVD Debug|Win32
		{0185BA08-FD49-4790-A84A-420EE98477E9}.PS2 DVD Release.ActiveCfg = PS2 DVD Release|Win32
		{0185BA08-FD49-4790-A84A-420EE98477E9}.PS2 DVD Release.Build.0 = PS2 DVD Release|Win32
		{0185BA08-FD49-4790-A84A-420EE98477E9}.Release.ActiveCfg = Release|Win32
		{0185BA08-FD49-4790-A84A-420EE98477E9}.Release.Build.0 = Release|Win32
		{7E9D80FB-C2EF-4895-96C3-FC87EE7AC6C9}.Debug.ActiveCfg = Debug|Win32
		{7E9D80FB-C2EF-4895-96C3-FC87EE7AC6C9}.Debug.Build.0 = Debug|Win32
		{7E9D80FB-C2EF-4895-96C3-FC87EE7AC6C9}.PS2 Client Debug.ActiveCfg = PS2 Client Debug|Win32
		{7E9D80FB-C2EF-4895-96C3-FC87EE7AC6C9}.PS2 Client Debug.Build.0 = PS2 Client Debug|Win32
		{7E9D80FB-C2EF-4895-96C3-FC87EE7AC6C9}.PS2 Client Release.ActiveCfg = PS2 Client Release|Win32
		{7E9D80FB-C2EF-4895-96C3-FC87EE7AC6C9}.PS2 Client Release.Build.0 = PS2 Client Release|Win32
		{7E9D80FB-C2EF-4895-96C3-FC87EE7AC6C9}.PS2 DevKit Debug.ActiveCfg = PS2 DevKit Debug|Win32
		{7E9D80FB-C2EF-4895-96C3-FC87EE7AC6C9}.PS2 DevKit Debug.Build.0 = PS2 DevKit Debug|Win32
		{7E9D80FB-C2EF-4895-96C3-FC87EE7AC6C9}.PS2 DevKit Release.ActiveCfg = PS2 DevKit Release|Win32
		{7E9D80FB-C2EF-4895-96C3-FC87EE7AC6C9}.PS2 DevKit Release.Build.0 = PS2 DevKit Release|Win32
		{7E9D80FB-C2EF-4895-96C3-FC87EE7AC6C9}.PS2 DVD Debug.ActiveCfg = PS2 DVD Debug|Win32
		{7E9D80FB-C2EF-4895-96C3-FC87EE7AC6C9}.PS2 DVD Debug.Build.0 = PS2 DVD Debug|Win32
		{7E9D80FB-C2EF-4895-96C3-FC87EE7AC6C9}.PS2 DVD Release.ActiveCfg = PS2 DVD Release|Win32
		{7E9D80FB-C2EF-4895-96C3-FC87EE7AC6C9}.PS2 DVD Release.Build.0 = PS2 DVD Release|Win32
		{7E9D80FB-C2EF-4895-96C3-FC87EE7AC6C9}.Release.ActiveCfg = Release|Win32
		{7E9D80FB-C2EF-4895-96C3-FC87EE7AC6C9}.Release.Build.0 = Release|Win32
		{77286611-C6C8-44D9-A7B0-46BC8F075F3C}.Debug.ActiveCfg = Debug|Win32
		{77286611-C6C8-44D9-A7B0-46BC8F075F3C}.Debug.Build.0 = Debug|Win32
		{77286611-C6C8-44D9-A7B0-46BC8F075F3C}.PS2 Client Debug.ActiveCfg = PS2 Client Debug|Win32
		{77286611-C6C8-44D9-A7B0-46BC8F075F3C}.PS2 Client Debug.Build.0 = PS2 Client Debug|Win32
		{77286611-C6C8-44D9-A7B0-46BC8F075F3C}.PS2 Client Release.ActiveCfg = PS2 Client Release|Win32
		{77286611-C6C8-44D9-A7B0-46BC8F075F3C}.PS2 Client Release.Build.0 = PS2 Client Release|Win32
		{77286611-C6C8-44D9-A7B0-46BC8F075F3C}.PS2 DevKit Debug.ActiveCfg = PS2 DevKit Debug|Win32
		{77286611-C6C8-44D9-A7B0-46BC8F075F3C}.PS2 DevKit Debug.Build.0 = PS2 DevKit Debug|Win32
		{77286611-C6C8-44D9-A7B0-46BC8F075F3C}.PS2 DevKit Release.ActiveCfg = PS2 DevKit Release|Win32
		{77286611-C6C8-44D9-A7B0-46BC8F075F3C}.PS2 DevKit Release.Build.0 = PS2 DevKit Release|Win32
		{77286611-C6C8-44D9-A7B0-46BC8F075F3C}.PS2 DVD Debug.ActiveCfg = PS2 DVD Debug|Win32
		{77286611-C6C8-44D9-A7B0-46BC8F075F3C}.PS2 DVD Debug.Build.0 = PS2 DVD Debug|Win32
		{77286611-C6C8-44D9-A7B0-46BC8F075F3C}.PS2 DVD Release.ActiveCfg = PS2 DVD Release|Win32
		{77286611-C6C8-44D9-A7B0-46BC8F075F3C}.PS2 DVD Release.Build.0 = PS2 DVD Release|Win32
		{77286611-C6C8-44D9-A7B0-46BC8F075F3C}.Release.ActiveCfg = Release|Win32
		{77286611-C6C8-44D9-A7B0-46BC8F075F3C}.Release.Build.0 = Release|Win32
		{51C1C4CA-94AD-4A3E-8445-CC4BB9F8B41B}.Debug.ActiveCfg = Debug|Win32
		{51C1C4CA-94AD-4A3E-8445-CC4BB9F8B41B}.Debug.Build.0 = Debug|Win32
		{51C1C4CA-94AD-4A3E-8445-CC4BB9F8B41B}.PS2 Client Debug.ActiveCfg = PS2 Client Debug|Win32
		{51C1C4CA-94AD-4A3E-8445-CC4BB9F8B41B}.PS2 Client Debug.Build.0 = PS2 Client Debug|Win32
		{51C1C4CA-94AD-4A3E-8445-CC4BB9F8B41B}.PS2 Client Release.ActiveCfg = PS2 Client Release|Win32
		{51C1C4CA-94AD-4A3E-8445-CC4BB9F8B41B}.PS2 Client Release.Build.0 = PS2 Client Release|Win32
		{51C1C4CA-94AD-4A3E-8445-CC4BB9F8B41B}.PS2 DevKit Debug.ActiveCfg = PS2 DevKit Debug|Win32
		{51C1C4CA-94AD-4A3E-8445-CC4BB9F8B41B}.PS2 DevKit Debug.Build.0 = PS2 DevKit Debug|Win32
		{51C1C4CA-94AD-4A3E-8445-CC4BB9F8B41B}.PS2 DevKit Release.ActiveCfg = PS2 DevKit Release|Win32
		{51C1C4CA-94AD-4A3E-8445-CC4BB9F8B41B}.PS2 DevKit Release.Build.0 = PS2 DevKit Release|Win32
		{51C1C4CA-94AD-4A3E-8445-CC4BB9F8B41B}.PS2 DVD Debug.ActiveCfg = PS2 DVD Debug|Win32
		{51C1C4CA-94AD-4A3E-8445-CC4BB9F8B41B}.PS2 DVD Debug.Build.0 = PS2 DVD Debug|Win32
		{51C1C4CA-94AD-4A3E-8445-CC4BB9F8B41B}.PS2 DVD Release.ActiveCfg = PS2 DVD Release|Win32
		{51C1C4CA-94AD-4A3E-8445-CC4BB9F8B41B}.PS2 DVD Release.Build.0 = PS2 DVD Release|Win32
		{51C1C4CA-94AD-4A3E-8445-CC4BB9F8B41B}.Release.ActiveCfg = Release|Win32
		{51C1C4CA-94AD-4A3E-8445-CC4BB9F8B41B}.Release.Build.0 = Release|Win32
		{1D5FE4B2-6AAB-42BF-BAD4-91E79CDFC6DA}.Debug.ActiveCfg = Debug|Win32
		{1D5FE4B2-6AAB-42BF-BAD4-91E79CDFC6DA}.Debug.Build.0 = Debug|Win32
		{1D5FE4B2-6AAB-42BF-BAD4-91E79CDFC6DA}.PS2 Client Debug.ActiveCfg = PS2 Client Debug|Win32
		{1D5FE4B2-6AAB-42BF-BAD4-91E79CDFC6DA}.PS2 Client Debug.Build.0 = PS2 Client Debug|Win32
		{1D5FE4B2-6AAB-42BF-BAD4-91E79CDFC6DA}.PS2 Client Release.ActiveCfg = PS2 Client Release|Win32
		{1D5FE4B2-6AAB-42BF-BAD4-91E79CDFC6DA}.PS2 Client Release.Build.0 = PS2 Client Release|Win32
		{1D5FE4B2-6AAB-42BF-BAD4-91E79CDFC6DA}.PS2 DevKit Debug.ActiveCfg = PS2 DevKit Debug|Win32
		{1D5FE4B2-6AAB-42BF-BAD4-91E79CDFC6DA}.PS2 DevKit Debug.Build.0 = PS2 DevKit Debug|Win32
		{1D5FE4B2-6AAB-42BF-BAD4-91E79CDFC6DA}.PS2 DevKit Release.ActiveCfg = PS2 DevKit Release|Win32
		{1D5FE4B2-6AAB-42BF-BAD4-91E79CDFC6DA}.PS2 DevKit Release.Build.0 = PS2 DevKit Release|Win32
		{1D5FE4B2-6AAB-42BF-BAD4-91E79CDFC6DA}.PS2 DVD Debug.ActiveCfg = PS2 DVD Debug|Win32
		{1D5FE4B2-6AAB-42BF-BAD4-91E79CDFC6DA}.PS2 DVD Debug.Build.0 = PS2 DVD Debug|Win32
		{1D5FE4B2-6AAB-42BF-BAD4-91E79CDFC6DA}.PS2 DVD Release.ActiveCfg = PS2 DVD Release|Win32
		{1D5FE4B2-6AAB-42BF-BAD4-91E79CDFC6DA}.PS2 DVD Release.Build.0 = PS2 DVD Release|Win32
		{1D5FE4B2-6AAB-42BF-BAD4-91E79CDFC6DA}.Release.ActiveCfg = Release|Win32
		{1D5FE4B2-6AAB-42BF-BAD4-91E79CDFC6DA}.Release.Build.0 = Release|Win32
		{CC2144BA-CD9E-4FDC-9035-75C82A27D868}.Debug.ActiveCfg = Debug|Win32
		{CC2144BA-CD9E-4FDC-9035-75C82A27D868}.Debug.Build.0 = Debug|Win32
		{CC2144BA-CD9E-4FDC-9035-75C82A27D868}.PS2 Client Debug.ActiveCfg = PS2 Client Debug|Win32
		{CC2144BA-CD9E-4FDC-9035-75C82A27D868}.PS2 Client Debug.Build.0 = PS2 Client Debug|Win32
		{CC2144BA-CD9E-4FDC-9035-75C82A27D868}.PS2 Client Release.ActiveCfg = PS2 Client Release|Win32
		{CC2144BA-CD9E-4FDC-9035-75C82A27D868}.PS2 Client Release.Build.0 = PS2 Client Release|Win32
		{CC2144BA-CD9E-4FDC-9035-75C82A27D868}.PS2 DevKit Debug.ActiveCfg = PS2 DevKit Debug|Win32
		{CC2144BA-CD9E-4FDC-9035-75C82A27D868}.PS2 DevKit Debug.Build.0 = PS2 DevKit Debug|Win32
		{CC2144BA-CD9E-4FDC-9035-75C82A27D868}.PS2 DevKit Release.ActiveCfg = PS2 DevKit Release|Win32
		{CC2144BA-CD9E-4FDC-9035-75C82A27D868}.PS2 DevKit Release.Build.0 = PS2 DevKit Release|Win32
		{CC2144BA-CD9E-4FDC-9035-75C82A27D868}.PS2 DVD Debug.ActiveCfg = PS2 DVD Debug|Win32
		{CC2144BA-CD9E-4FDC-9035-75C82A27D868}.PS2 DVD Debug.Build.0 = PS2 DVD Debug|Win32
		{CC2144BA-CD9E-4FDC-9035-75C82A27D868}.PS2 DVD Release.ActiveCfg = PS2 DVD Release|Win32
		{CC2144BA-CD9E-4FDC-9035-75C82A27D868}.PS2 DVD Release.Build.0 = PS2 DVD Release|Win32
		{CC2144BA-CD9E-4FDC-9035-75C82A27D868}.Release.ActiveCfg = Release|Win32
		{CC2144BA-CD9E-4FDC-9035-75C82A27D868}.Release.Build.0 = Release|Win32
		{924580DA-7E41-4FC5-91D4-8B5F6B353914}.Debug.ActiveCfg = Debug|Win32
		{924580DA-7E41-4FC5-91D4-8B5F6B353914}.Debug.Build.0 = Debug|Win32
		{924580DA-7E41-4FC5-91D4-8B5F6B353914}.PS2 Client Debug.ActiveCfg = PS2 Client Debug|Win32
		{924580DA-7E41-4FC5-91D4-8B5F6B353914}.PS2 Client Debug.Build.0 = PS2 Client Debug|Win32
		{924580DA-7E41-4FC5-91D4-8B5F6B353914}.PS2 Client Release.ActiveCfg = PS2 Client Release|Win32
		{924580DA-7E41-4FC5-91D4-8B5F6B353914}.PS2 Client Release.Build.0 = PS2 Client Release|Win32
		{924580DA-7E41-4FC5-91D4-8B5F6B353914}.PS2 DevKit Debug.ActiveCfg = PS2 DevKit Debug|Win32
		{924580DA-7E41-4FC5-91D4-8B5F6B353914}.PS2 DevKit Debug.Build.0 = PS2 DevKit Debug|Win32
		{924580DA-7E41-4FC5-91D4-8B5F6B353914}.PS2 DevKit Release.ActiveCfg = PS2 DevKit Release|Win32
		{924580DA-7E41-4FC5-91D4-8B5F6B353914}.PS2 DevKit Release.Build.0 = PS2 DevKit Release|Win32
		{924580DA-7E41-4FC5-91D4-8B5F6B353914}.PS2 DVD Debug.ActiveCfg = PS2 DVD Debug|Win32
		{924580DA-7E41-4FC5-91D4-8B5F6B353914}.PS2 DVD Debug.Build.0 = PS2 DVD Debug|Win32
		{924580DA-7E41-4FC5-91D4-8B5F6B353914}.PS2 DVD Release.ActiveCfg = PS2 DVD Release|Win32
		{924580DA-7E41-4FC5-91D4-8B5F6B353914}.PS2 DVD Release.Build.0 = PS2 DVD Release|Win32
		{924580DA-7E41-4FC5-91D4-8B5F6B353914}.Release.ActiveCfg = Release|Win32
		{924580DA-7E41-4FC5-91D4-8B5F6B353914}.Release.Build.0 = Release|Win32
		{4A3B50A5-0163-4A22-BC26-D82A6E9E1E02}.Debug.ActiveCfg = Debug|Win32
		{4A3B50A5-0163-4A22-BC26-D82A6E9E1E02}.Debug.Build.0 = Debug|Win32
		{4A3B50A5-0163-4A22-BC26-D82A6E9E1E02}.PS2 Client Debug.ActiveCfg = PS2 Client Debug|Win32
		{4A3B50A5-0163-4A22-BC26-D82A6E9E1E02}.PS2 Client Debug.Build.0 = PS2 Client Debug|Win32
		{4A3B50A5-0163-4A22-BC26-D82A6E9E1E02}.PS2 Client Release.ActiveCfg = PS2 Client Release|Win32
		{4A3B50A5-0163-4A22-BC26-D82A6E9E1E02}.PS2 Client Release.Build.0 = PS2 Client Release|Win32
		{4A3B50A5-0163-4A22-BC26-D82A6E9E1E02}.PS2 DevKit Debug.ActiveCfg = PS2 DevKit Debug|Win32
		{4A3B50A5-0163-4A22-BC26-D82A6E9E1E02}.PS2 DevKit Debug.Build.0 = PS2 DevKit Debug|Win32
		{4A3B50A5-0163-4A22-BC26-D82A6E9E1E02}.PS2 DevKit Release.ActiveCfg = PS2 DevKit Release|Win32
		{4A3B50A5-0163-4A22-BC26-D82A6E9E1E02}.PS2 DevKit Release.Build.0 = PS2 DevKit Release|Win32
		{4A3B50A5-0163-4A22-BC26-D82A6E9E1E02}.PS2 DVD Debug.ActiveCfg = PS2 DVD Debug|Win32
		{4A3B50A5-0163-4A22-BC26-D82A6E9E1E02}.PS2 DVD Debug.Build.0 = PS2 DVD Debug|Win32
		{4A3B50A5-0163-4A22-BC26-D82A6E9E1E02}.PS2 DVD Release.ActiveCfg = PS2 DVD Release|Win32
		{4A3B50A5-0163-4A22-BC26-D82A6E9E1E02}.PS2 DVD Release.Build.0 = PS2 DVD Release|Win32
		{4A3B50A5-0163-4A22-BC26-D82A6E9E1E02}.Release.ActiveCfg = Release|Win32
		{4A3B50A5-0163-4A22-BC26-D82A6E9E1E02}.Release.Build.0 = Release|Win32
		{E1922637-9519-468E-B301-43CF98D63685}.Debug.ActiveCfg = Debug|Win32
		{E1922637-9519-468E-B301-43CF98D63685}.Debug.Build.0 = Debug|Win32
		{E1922637-9519-468E-B301-43CF98D63685}.PS2 Client Debug.ActiveCfg = PS2 Client Debug|Win32
		{E1922637-9519-468E-B301-43CF98D63685}.PS2 Client Debug.Build.0 = PS2 Client Debug|Win32
		{E1922637-9519-468E-B301-43CF98D63685}.PS2 Client Release.ActiveCfg = PS2 Client Release|Win32
		{E1922637-9519-468E-B301-43CF98D63685}.PS2 Client Release.Build.0 = PS2 Client Release|Win32
		{E1922637-9519-468E-B301-43CF98D63685}.PS2 DevKit Debug.ActiveCfg = PS2 DevKit Debug|Win32
		{E1922637-9519-468E-B301-43CF98D63685}.PS2 DevKit Debug.Build.0 = PS2 DevKit Debug|Win32
		{E1922637-9519-468E-B301-43CF98D63685}.PS2 DevKit Release.ActiveCfg = PS2 DevKit Release|Win32
		{E1922637-9519-468E-B301-43CF98D63685}.PS2 DevKit Release.Build.0 = PS2 DevKit Release|Win32
		{E1922637-9519-468E-B301-43CF98D63685}.PS2 DVD Debug.ActiveCfg = PS2 DVD Debug|Win32
		{E1922637-9519-468E-B301-43CF98D63685}.PS2 DVD Debug.Build.0 = PS2 DVD Debug|Win32
		{E1922637-9519-468E-B301-43CF98D63685}.PS2 DVD Release.ActiveCfg = PS2 DVD Release|Win32
		{E1922637-9519-468E-B301-43CF98D63685}.PS2 DVD Release.Build.0 = PS2 DVD Release|Win32
		{E1922637-9519-468E-B301-43CF98D63685}.Release.ActiveCfg = Release|Win32
		{E1922637-9519-468E-B301-43CF98D63685}.Release.Build.0 = Release|Win32
		{5A84AB41-027F-46DE-9D1A-B34E35910409}.Debug.ActiveCfg = Debug|Win32
		{5A84AB41-027F-46DE-9D1A-B34E35910409}.Debug.Build.0 = Debug|Win32
		{5A84AB41-027F-46DE-9D1A-B34E35910409}.PS2 Client Debug.ActiveCfg = PS2 Client Debug|Win32
		{5A84AB41-027F-46DE-9D1A-B34E35910409}.PS2 Client Debug.Build.0 = PS2 Client Debug|Win32
		{5A84AB41-027F-46DE-9D1A-B34E35910409}.PS2 Client Release.ActiveCfg = PS2 Client Release|Win32
		{5A84AB41-027F-46DE-9D1A-B34E35910409}.PS2 Client Release.Build.0 = PS2 Client Release|Win32
		{5A84AB41-027F-46DE-9D1A-B34E35910409}.PS2 DevKit Debug.ActiveCfg = PS2 DevKit Debug|Win32
		{5A84AB41-027F-46DE-9D1A-B34E35910409}.PS2 DevKit Debug.Build.0 = PS2 DevKit Debug|Win32
		{5A84AB41-027F-46DE-9D1A-B34E35910409}.PS2 DevKit Release.ActiveCfg = PS2 DevKit Release|Win32
		{5A84AB41-027F-46DE-9D1A-B34E35910409}.PS2 DevKit Release.Build.0 = PS2 DevKit Release|Win32
		{5A84AB41-027F-46DE-9D1A-B34E35910409}.PS2 DVD Debug.ActiveCfg = PS2 DVD Debug|Win32
		{5A84AB41-027F-46DE-9D1A-B34E35910409}.PS2 DVD Debug.Build.0 = PS2 DVD Debug|Win32
		{5A84AB41-027F-46DE-9D1A-B34E35910409}.PS2 DVD Release.ActiveCfg = PS2 DVD Release|Win32
		{5A84AB41-027F-46DE-9D1A-B34E35910409}.PS2 DVD Release.Build.0 = PS2 DVD Release|Win32
		{5A84AB41-027F-46DE-9D1A-B34E35910409}.Release.ActiveCfg = Release|Win32
		{5A84AB41-027F-46DE-9D1A-B34E35910409}.Release.Build.0 = Release|Win32
		{6F53BB27-8591-44EE-A895-CDB1B60B821A}.Debug.ActiveCfg = Debug|Win32
		{6F53BB27-8591-44EE-A895-CDB1B60B821A}.Debug.Build.0 = Debug|Win32
		{6F53BB27-8591-44EE-A895-CDB1B60B821A}.PS2 Client Debug.ActiveCfg = PS2 Client Debug|Win32
		{6F53BB27-8591-44EE-A895-CDB1B60B821A}.PS2 Client Debug.Build.0 = PS2 Client Debug|Win32
		{6F53BB27-8591-44EE-A895-CDB1B60B821A}.PS2 Client Release.ActiveCfg = PS2 Client Release|Win32
		{6F53BB27-8591-44EE-A895-CDB1B60B821A}.PS2 Client Release.Build.0 = PS2 Client Release|Win32
		{6F53BB27-8591-44EE-A895-CDB1B60B821A}.PS2 DevKit Debug.ActiveCfg = PS2 DevKit Debug|Win32
		{6F53BB27-8591-44EE-A895-CDB1B60B821A}.PS2 DevKit Debug.Build.0 = PS2 DevKit Debug|Win32
		{6F53BB27-8591-44EE-A895-CDB1B60B821A}.PS2 DevKit Release.ActiveCfg = PS2 DevKit Release|Win32
		{6F53BB27-8591-44EE-A895-CDB1B60B821A}.PS2 DevKit Release.Build.0 = PS2 DevKit Release|Win32
		{6F53BB27-8591-44EE-A895-CDB1B60B821A}.PS2 DVD Debug.ActiveCfg = PS2 DVD Debug|Win32
		{6F53BB27-8591-44EE-A895-CDB1B60B821A}.PS2 DVD Debug.Build.0 = PS2 DVD Debug|Win32
		{6F53BB27-8591-44EE-A895-CDB1B60B821A}.PS2 DVD Release.ActiveCfg = PS2 DVD Release|Win32
		{6F53BB27-8591-44EE-A895-CDB1B60B821A}.PS2 DVD Release.Build.0 = PS2 DVD Release|Win32
		{6F53BB27-8591-44EE-A895-CDB1B60B821A}.Release.ActiveCfg = Release|Win32
		{6F53BB27-8591-44EE-A895-CDB1B60B821A}.Release.Build.0 = Release|Win32
		{DE2C5F64-683C-4F38-82ED-DD6C54E687D7}.Debug.ActiveCfg = Debug|Win32
		{DE2C5F64-683C-4F38-82ED-DD6C54E687D7}.Debug.Build.0 = Debug|Win32
		{DE2C5F64-683C-4F38-82ED-DD6C54E687D7}.PS2 Client Debug.ActiveCfg = PS2 Client Debug|Win32
		{DE2C5F64-683C-4F38-82ED-DD6C54E687D7}.PS2 Client Debug.Build.0 = PS2 Client Debug|Win32
		{DE2C5F64-683C-4F38-82ED-DD6C54E687D7}.PS2 Client Release.ActiveCfg = PS2 Client Release|Win32
		{DE2C5F64-683C-4F38-82ED-DD6C54E687D7}.PS2 Client Release.Build.0 = PS2 Client Release|Win32
		{DE2C5F64-683C-4F38-82ED-DD6C54E687D7}.PS2 DevKit Debug.ActiveCfg = PS2 DevKit Debug|Win32
		{DE2C5F64-683C-4F38-82ED-DD6C54E687D7}.PS2 DevKit Debug.Build.0 = PS2 DevKit Debug|Win32
		{DE2C5F64-683C-4F38-82ED-DD6C54E687D7}.PS2 DevKit Release.ActiveCfg = PS2 DevKit Release|Win32
		{DE2C5F64-683C-4F38-82ED-DD6C54E687D7}.PS2 DevKit Release.Build.0 = PS2 DevKit Release|Win32
		{DE2C5F64-683C-4F38-82ED-DD6C54E687D7}.PS2 DVD Debug.ActiveCfg = PS2 DVD Debug|Win32
		{DE2C5F64-683C-4F38-82ED-DD6C54E687D7}.PS2 DVD Debug.Build.0 = PS2 DVD Debug|Win32
		{DE2C5F64-683C-4F38-82ED-DD6C54E687D7}.PS2 DVD Release.ActiveCfg = PS2 DVD Release|Win32
		{DE2C5F64-683C-4F38-82ED-DD6C54E687D7}.PS2 DVD Release.Build.0 = PS2 DVD Release|Win32
		{DE2C5F64-683C-4F38-82ED-DD6C54E687D7}.Release.ActiveCfg = Release|Win32
		{DE2C5F64-683C-4F38-82ED-DD6C54E687D7}.Release.Build.0 = Release|Win32
		{3DDE6BFC-C5F7-4612-BAEF-E3B6825FA282}.Debug.ActiveCfg = Debug|Win32
		{3DDE6BFC-C5F7-4612-BAEF-E3B6825FA282}.Debug.Build.0 = Debug|Win32
		{3DDE6BFC-C5F7-4612-BAEF-E3B6825FA282}.PS2 Client Debug.ActiveCfg = PS2 Client Debug|Win32
		{3DDE6BFC-C5F7-4612-BAEF-E3B6825FA282}.PS2 Client Debug.Build.0 = PS2 Client Debug|Win32
		{3DDE6BFC-C5F7-4612-BAEF-E3B6825FA282}.PS2 Client Release.ActiveCfg = PS2 Client Release|Win32
		{3DDE6BFC-C5F7-4612-BAEF-E3B6825FA282}.PS2 Client Release.Build.0 = PS2 Client Release|Win32
		{3DDE6BFC-C5F7-4612-BAEF-E3B6825FA282}.PS2 DevKit Debug.ActiveCfg = PS2 DevKit Debug|Win32
		{3DDE6BFC-C5F7-4612-BAEF-E3B6825FA282}.PS2 DevKit Debug.Build.0 = PS2 DevKit Debug|Win32
		{3DDE6BFC-C5F7-4612-BAEF-E3B6825FA282}.PS2 DevKit Release.ActiveCfg = PS2 DevKit Release|Win32
		{3DDE6BFC-C5F7-4612-BAEF-E3B6825FA282}.PS2 DevKit Release.Build.0 = PS2 DevKit Release|Win32
		{3DDE6BFC-C5F7-4612-BAEF-E3B6825FA282}.PS2 DVD Debug.ActiveCfg = PS2 DVD Debug|Win32
		{3DDE6BFC-C5F7-4612-BAEF-E3B6825FA282}.PS2 DVD Debug.Build.0 = PS2 DVD Debug|Win32
		{3DDE6BFC-C5F7-4612-BAEF-E3B6825FA282}.PS2 DVD Release.ActiveCfg = PS2 DVD Release|Win32
		{3DDE6BFC-C5F7-4612-BAEF-E3B6825FA282}.PS2 DVD Release.Build.0 = PS2 DVD Release|Win32
		{3DDE6BFC-C5F7-4612-BAEF-E3B6825FA282}.Release.ActiveCfg = Release|Win32
		{3DDE6BFC-C5F7-4612-BAEF-E3B6825FA282}.Release.Build.0 = Release|Win32
		{7E3F9EC9-E954-4691-9520-1C89EF987294}.Debug.ActiveCfg = Debug|Win32
		{7E3F9EC9-E954-4691-9520-1C89EF987294}.Debug.Build.0 = Debug|Win32
		{7E3F9EC9-E954-4691-9520-1C89EF987294}.PS2 Client Debug.ActiveCfg = PS2 Client Debug|Win32
		{7E3F9EC9-E954-4691-9520-1C89EF987294}.PS2 Client Debug.Build.0 = PS2 Client Debug|Win32
		{7E3F9EC9-E954-4691-9520-1C89EF987294}.PS2 Client Release.ActiveCfg = PS2 Client Release|Win32
		{7E3F9EC9-E954-4691-9520-1C89EF987294}.PS2 Client Release.Build.0 = PS2 Client Release|Win32
		{7E3F9EC9-E954-4691-9520-1C89EF987294}.PS2 DevKit Debug.ActiveCfg = PS2 DevKit Debug|Win32
		{7E3F9EC9-E954-4691-9520-1C89EF987294}.PS2 DevKit Debug.Build.0 = PS2 DevKit Debug|Win32
		{7E3F9EC9-E954-4691-9520-1C89EF987294}.PS2 DevKit Release.ActiveCfg = PS2 DevKit Release|Win32
		{7E3F9EC9-E954-4691-9520-1C89EF987294}.PS2 DevKit Release.Build.0 = PS2 DevKit Release|Win32
		{7E3F9EC9-E954-4691-9520-1C89EF987294}.PS2 DVD Debug.ActiveCfg = PS2 DVD Debug|Win32
		{7E3F9EC9-E954-4691-9520-1C89EF987294}.PS2 DVD Debug.Build.0 = PS2 DVD Debug|Win32
		{7E3F9EC9-E954-4691-9520-1C89EF987294}.PS2 DVD Release.ActiveCfg = PS2 DVD Release|Win32
		{7E3F9EC9-E954-4691-9520-1C89EF987294}.PS2 DVD Release.Build.0 = PS2 DVD Release|Win32
		{7E3F9EC9-E954-4691-9520-1C89EF987294}.Release.ActiveCfg = Release|Win32
		{7E3F9EC9-E954-4691-9520-1C89EF987294}.Release.Build.0 = Release|Win32
		{2E7BDF24-2D58-4F7B-9800-EBCCA0FC0613}.Debug.ActiveCfg = Debug|Win32
		{2E7BDF24-2D58-4F7B-9800-EBCCA0FC0613}.Debug.Build.0 = Debug|Win32
		{2E7BDF24-2D58-4F7B-9800-EBCCA0FC0613}.PS2 Client Debug.ActiveCfg = PS2 Client Debug|Win32
		{2E7BDF24-2D58-4F7B-9800-EBCCA0FC0613}.PS2 Client Debug.Build.0 = PS2 Client Debug|Win32
		{2E7BDF24-2D58-4F7B-9800-EBCCA0FC0613}.PS2 Client Release.ActiveCfg = PS2 Client Release|Win32
		{2E7BDF24-2D58-4F7B-9800-EBCCA0FC0613}.PS2 Client Release.Build.0 = PS2 Client Release|Win32
		{2E7BDF24-2D58-4F7B-9800-EBCCA0FC0613}.PS2 DevKit Debug.ActiveCfg = PS2 DevKit Debug|Win32
		{2E7BDF24-2D58-4F7B-9800-EBCCA0FC0613}.PS2 DevKit Debug.Build.0 = PS2 DevKit Debug|Win32
		{2E7BDF24-2D58-4F7B-9800-EBCCA0FC0613}.PS2 DevKit Release.ActiveCfg = PS2 DevKit Release|Win32
		{2E7BDF24-2D58-4F7B-9800-EBCCA0FC0613}.PS2 DevKit Release.Build.0 = PS2 DevKit Release|Win32
		{2E7BDF24-2D58-4F7B-9800-EBCCA0FC0613}.PS2 DVD Debug.ActiveCfg = PS2 DVD Debug|Win32
		{2E7BDF24-2D58-4F7B-9800-EBCCA0FC0613}.PS2 DVD Debug.Build.0 = PS2 DVD Debug|Win32
		{2E7BDF24-2D58-4F7B-9800-EBCCA0FC0613}.PS2 DVD Release.ActiveCfg = PS2 DVD Release|Win32
		{2E7BDF24-2D58-4F7B-9800-EBCCA0FC0613}.PS2 DVD Release.Build.0 = PS2 DVD Release|Win32
		{2E7BDF24-2D58-4F7B-9800-EBCCA0FC0613}.Release.ActiveCfg = Release|Win32
		{2E7BDF24-2D58-4F7B-9800-EBCCA0FC0613}.Release.Build.0 = Release|Win32
	EndGlobalSection
	GlobalSection(ExtensibilityGlobals) = postSolution
	EndGlobalSection
	GlobalSection(ExtensibilityAddIns) = postSolution
	EndGlobalSection
EndGlobal
